Microsoft Visual Studio Solution File, Format Version 12.00
# Visual Studio Version 17
VisualStudioVersion = 17.5.2.0
MinimumVisualStudioVersion = 10.0.40219.1
Project("{FAE04EC0-301F-11D3-BF4B-00C04F79EFBC}") = "TiendaYA", "TiendaYA.csproj", "{D16ED221-88F9-1DB5-EA42-80209DD7021A}"
EndProject
Global
	GlobalSection(SolutionConfigurationPlatforms) = preSolution
		Debug|Any CPU = Debug|Any CPU
		Release|Any CPU = Release|Any CPU
	EndGlobalSection
	GlobalSection(ProjectConfigurationPlatforms) = postSolution
		{D16ED221-88F9-1DB5-EA42-80209DD7021A}.Debug|Any CPU.ActiveCfg = Debug|Any CPU
		{D16ED221-88F9-1DB5-EA42-80209DD7021A}.Debug|Any CPU.Build.0 = Debug|Any CPU
		{D16ED221-88F9-1DB5-EA42-80209DD7021A}.Release|Any CPU.ActiveCfg = Release|Any CPU
		{D16ED221-88F9-1DB5-EA42-80209DD7021A}.Release|Any CPU.Build.0 = Release|Any CPU
	EndGlobalSection
	GlobalSection(SolutionProperties) = preSolution
		HideSolutionNode = FALSE
	EndGlobalSection
	GlobalSection(ExtensibilityGlobals) = postSolution
		SolutionGuid = {62DEFF48-56A1-4B17-9E22-CC07998DF643}
	EndGlobalSection
EndGlobal
